
Microsoft Visual Studio Solution File, Format Version 12.00
# Visual Studio 15
VisualStudioVersion = 15.0.26403.7
MinimumVisualStudioVersion = 10.0.40219.1
Project("{2150E333-8FDC-42A3-9474-1A3956D46DE8}") = "src", "src", "{A2B937FE-126F-4249-9594-308022D3A165}"
EndProject
Project("{2150E333-8FDC-42A3-9474-1A3956D46DE8}") = "Solution Items", "Solution Items", "{1D56B29D-A80B-4400-805B-2138447EFD92}"
EndProject
Project("{9A19103F-16F7-4668-BE54-9A1E7A4F7556}") = "OmbiBot.Web", "src\OmbiBot.Web\OmbiBot.Web.csproj", "{DCCAF210-70D7-497D-83DD-9E396154CF1E}"
EndProject
Project("{9A19103F-16F7-4668-BE54-9A1E7A4F7556}") = "OmbiBot.Processor", "src\OmbiBot.Processor\OmbiBot.Processor.csproj", "{A05C1E6D-F198-4062-A1BD-F81741903776}"
EndProject
Global
	GlobalSection(SolutionConfigurationPlatforms) = preSolution
		Debug|Any CPU = Debug|Any CPU
		Release|Any CPU = Release|Any CPU
	EndGlobalSection
	GlobalSection(ProjectConfigurationPlatforms) = postSolution
		{DCCAF210-70D7-497D-83DD-9E396154CF1E}.Debug|Any CPU.ActiveCfg = Debug|Any CPU
		{DCCAF210-70D7-497D-83DD-9E396154CF1E}.Debug|Any CPU.Build.0 = Debug|Any CPU
		{DCCAF210-70D7-497D-83DD-9E396154CF1E}.Release|Any CPU.ActiveCfg = Release|Any CPU
		{DCCAF210-70D7-497D-83DD-9E396154CF1E}.Release|Any CPU.Build.0 = Release|Any CPU
		{A05C1E6D-F198-4062-A1BD-F81741903776}.Debug|Any CPU.ActiveCfg = Debug|Any CPU
		{A05C1E6D-F198-4062-A1BD-F81741903776}.Debug|Any CPU.Build.0 = Debug|Any CPU
		{A05C1E6D-F198-4062-A1BD-F81741903776}.Release|Any CPU.ActiveCfg = Release|Any CPU
		{A05C1E6D-F198-4062-A1BD-F81741903776}.Release|Any CPU.Build.0 = Release|Any CPU
	EndGlobalSection
	GlobalSection(SolutionProperties) = preSolution
		HideSolutionNode = FALSE
	EndGlobalSection
	GlobalSection(NestedProjects) = preSolution
		{DCCAF210-70D7-497D-83DD-9E396154CF1E} = {A2B937FE-126F-4249-9594-308022D3A165}
		{A05C1E6D-F198-4062-A1BD-F81741903776} = {A2B937FE-126F-4249-9594-308022D3A165}
	EndGlobalSection
EndGlobal
